
Microsoft Visual Studio Solution File, Format Version 12.00
# Visual Studio Version 17
VisualStudioVersion = 17.3.32804.467
MinimumVisualStudioVersion = 10.0.40219.1
Project("{2150E333-8FDC-42A3-9474-1A3956D46DE8}") = "src", "src", "{7FF4408E-3BBB-4FA0-9A0B-31A65E1E7F0F}"
EndProject
Project("{2150E333-8FDC-42A3-9474-1A3956D46DE8}") = "corePackages", "corePackages", "{867B4466-1630-4509-99C1-949E052B38BD}"
EndProject
Project("{9A19103F-16F7-4668-BE54-9A1E7A4F7556}") = "Core.Application", "src\corePackages\Core.Application\Core.Application.csproj", "{82E3325A-4215-40BC-BCCA-66094F460270}"
EndProject
Project("{9A19103F-16F7-4668-BE54-9A1E7A4F7556}") = "Core.CrossCuttingConcerns", "src\corePackages\Core.CrossCuttingConcers\Core.CrossCuttingConcerns.csproj", "{9E06C53D-8D3A-4994-ABC2-BC17D539C7B0}"
EndProject
Project("{9A19103F-16F7-4668-BE54-9A1E7A4F7556}") = "Core.ElasticSearch", "src\corePackages\Core.ElasticSearch\Core.ElasticSearch.csproj", "{473A44D3-583A-4A7B-83B9-D33EF2CEFB05}"
EndProject
Project("{9A19103F-16F7-4668-BE54-9A1E7A4F7556}") = "Core.Mailing", "src\corePackages\Core.Mailing\Core.Mailing.csproj", "{D1E5370E-3A74-44B4-8EC3-FE6A6A4FCBD8}"
EndProject
Project("{9A19103F-16F7-4668-BE54-9A1E7A4F7556}") = "Core.Persistence", "src\corePackages\Core.Persistence\Core.Persistence.csproj", "{8ECF05D6-9583-4DAE-8D00-1863BB2C917C}"
EndProject
Project("{9A19103F-16F7-4668-BE54-9A1E7A4F7556}") = "Core.Security", "src\corePackages\Core.Security\Core.Security.csproj", "{58AA4AB3-BE87-4F58-AE6F-0CDB57715E3B}"
EndProject
Project("{2150E333-8FDC-42A3-9474-1A3956D46DE8}") = "Kodlama.io.Devs.Project", "Kodlama.io.Devs.Project", "{18E212CE-71E3-450C-A798-3BF468F279A7}"
EndProject
Project("{9A19103F-16F7-4668-BE54-9A1E7A4F7556}") = "WebAPI", "src\Kodlama.io.Devs.Project\WebAPI\WebAPI.csproj", "{E471796D-BD19-47E9-BEC8-03AB49685A05}"
EndProject
Project("{9A19103F-16F7-4668-BE54-9A1E7A4F7556}") = "Application", "src\Kodlama.io.Devs.Project\Application\Application.csproj", "{AB0614A8-F33F-482D-B265-9CEED09D93DF}"
EndProject
Project("{9A19103F-16F7-4668-BE54-9A1E7A4F7556}") = "Domain", "src\Kodlama.io.Devs.Project\Domain\Domain.csproj", "{58BB7C0D-71A1-4DF7-953E-5C05F0C7EA6E}"
EndProject
Project("{9A19103F-16F7-4668-BE54-9A1E7A4F7556}") = "Infrastructure", "src\Kodlama.io.Devs.Project\Infrastructure\Infrastructure.csproj", "{BA3121DF-C468-421C-A108-45C98F9ACDF9}"
EndProject
Project("{9A19103F-16F7-4668-BE54-9A1E7A4F7556}") = "Persistence", "src\Kodlama.io.Devs.Project\Persistence\Persistence.csproj", "{A4C04B66-C15F-472D-B111-35A528391043}"
EndProject
Global
	GlobalSection(SolutionConfigurationPlatforms) = preSolution
		Debug|Any CPU = Debug|Any CPU
		Release|Any CPU = Release|Any CPU
	EndGlobalSection
	GlobalSection(ProjectConfigurationPlatforms) = postSolution
		{82E3325A-4215-40BC-BCCA-66094F460270}.Debug|Any CPU.ActiveCfg = Debug|Any CPU
		{82E3325A-4215-40BC-BCCA-66094F460270}.Debug|Any CPU.Build.0 = Debug|Any CPU
		{82E3325A-4215-40BC-BCCA-66094F460270}.Release|Any CPU.ActiveCfg = Release|Any CPU
		{82E3325A-4215-40BC-BCCA-66094F460270}.Release|Any CPU.Build.0 = Release|Any CPU
		{9E06C53D-8D3A-4994-ABC2-BC17D539C7B0}.Debug|Any CPU.ActiveCfg = Debug|Any CPU
		{9E06C53D-8D3A-4994-ABC2-BC17D539C7B0}.Debug|Any CPU.Build.0 = Debug|Any CPU
		{9E06C53D-8D3A-4994-ABC2-BC17D539C7B0}.Release|Any CPU.ActiveCfg = Release|Any CPU
		{9E06C53D-8D3A-4994-ABC2-BC17D539C7B0}.Release|Any CPU.Build.0 = Release|Any CPU
		{473A44D3-583A-4A7B-83B9-D33EF2CEFB05}.Debug|Any CPU.ActiveCfg = Debug|Any CPU
		{473A44D3-583A-4A7B-83B9-D33EF2CEFB05}.Debug|Any CPU.Build.0 = Debug|Any CPU
		{473A44D3-583A-4A7B-83B9-D33EF2CEFB05}.Release|Any CPU.ActiveCfg = Release|Any CPU
		{473A44D3-583A-4A7B-83B9-D33EF2CEFB05}.Release|Any CPU.Build.0 = Release|Any CPU
		{D1E5370E-3A74-44B4-8EC3-FE6A6A4FCBD8}.Debug|Any CPU.ActiveCfg = Debug|Any CPU
		{D1E5370E-3A74-44B4-8EC3-FE6A6A4FCBD8}.Debug|Any CPU.Build.0 = Debug|Any CPU
		{D1E5370E-3A74-44B4-8EC3-FE6A6A4FCBD8}.Release|Any CPU.ActiveCfg = Release|Any CPU
		{D1E5370E-3A74-44B4-8EC3-FE6A6A4FCBD8}.Release|Any CPU.Build.0 = Release|Any CPU
		{8ECF05D6-9583-4DAE-8D00-1863BB2C917C}.Debug|Any CPU.ActiveCfg = Debug|Any CPU
		{8ECF05D6-9583-4DAE-8D00-1863BB2C917C}.Debug|Any CPU.Build.0 = Debug|Any CPU
		{8ECF05D6-9583-4DAE-8D00-1863BB2C917C}.Release|Any CPU.ActiveCfg = Release|Any CPU
		{8ECF05D6-9583-4DAE-8D00-1863BB2C917C}.Release|Any CPU.Build.0 = Release|Any CPU
		{58AA4AB3-BE87-4F58-AE6F-0CDB57715E3B}.Debug|Any CPU.ActiveCfg = Debug|Any CPU
		{58AA4AB3-BE87-4F58-AE6F-0CDB57715E3B}.Debug|Any CPU.Build.0 = Debug|Any CPU
		{58AA4AB3-BE87-4F58-AE6F-0CDB57715E3B}.Release|Any CPU.ActiveCfg = Release|Any CPU
		{58AA4AB3-BE87-4F58-AE6F-0CDB57715E3B}.Release|Any CPU.Build.0 = Release|Any CPU
		{E471796D-BD19-47E9-BEC8-03AB49685A05}.Debug|Any CPU.ActiveCfg = Debug|Any CPU
		{E471796D-BD19-47E9-BEC8-03AB49685A05}.Debug|Any CPU.Build.0 = Debug|Any CPU
		{E471796D-BD19-47E9-BEC8-03AB49685A05}.Release|Any CPU.ActiveCfg = Release|Any CPU
		{E471796D-BD19-47E9-BEC8-03AB49685A05}.Release|Any CPU.Build.0 = Release|Any CPU
		{AB0614A8-F33F-482D-B265-9CEED09D93DF}.Debug|Any CPU.ActiveCfg = Debug|Any CPU
		{AB0614A8-F33F-482D-B265-9CEED09D93DF}.Debug|Any CPU.Build.0 = Debug|Any CPU
		{AB0614A8-F33F-482D-B265-9CEED09D93DF}.Release|Any CPU.ActiveCfg = Release|Any CPU
		{AB0614A8-F33F-482D-B265-9CEED09D93DF}.Release|Any CPU.Build.0 = Release|Any CPU
		{58BB7C0D-71A1-4DF7-953E-5C05F0C7EA6E}.Debug|Any CPU.ActiveCfg = Debug|Any CPU
		{58BB7C0D-71A1-4DF7-953E-5C05F0C7EA6E}.Debug|Any CPU.Build.0 = Debug|Any CPU
		{58BB7C0D-71A1-4DF7-953E-5C05F0C7EA6E}.Release|Any CPU.ActiveCfg = Release|Any CPU
		{58BB7C0D-71A1-4DF7-953E-5C05F0C7EA6E}.Release|Any CPU.Build.0 = Release|Any CPU
		{BA3121DF-C468-421C-A108-45C98F9ACDF9}.Debug|Any CPU.ActiveCfg = Debug|Any CPU
		{BA3121DF-C468-421C-A108-45C98F9ACDF9}.Debug|Any CPU.Build.0 = Debug|Any CPU
		{BA3121DF-C468-421C-A108-45C98F9ACDF9}.Release|Any CPU.ActiveCfg = Release|Any CPU
		{BA3121DF-C468-421C-A108-45C98F9ACDF9}.Release|Any CPU.Build.0 = Release|Any CPU
		{A4C04B66-C15F-472D-B111-35A528391043}.Debug|Any CPU.ActiveCfg = Debug|Any CPU
		{A4C04B66-C15F-472D-B111-35A528391043}.Debug|Any CPU.Build.0 = Debug|Any CPU
		{A4C04B66-C15F-472D-B111-35A528391043}.Release|Any CPU.ActiveCfg = Release|Any CPU
		{A4C04B66-C15F-472D-B111-35A528391043}.Release|Any CPU.Build.0 = Release|Any CPU
	EndGlobalSection
	GlobalSection(SolutionProperties) = preSolution
		HideSolutionNode = FALSE
	EndGlobalSection
	GlobalSection(NestedProjects) = preSolution
		{867B4466-1630-4509-99C1-949E052B38BD} = {7FF4408E-3BBB-4FA0-9A0B-31A65E1E7F0F}
		{82E3325A-4215-40BC-BCCA-66094F460270} = {867B4466-1630-4509-99C1-949E052B38BD}
		{9E06C53D-8D3A-4994-ABC2-BC17D539C7B0} = {867B4466-1630-4509-99C1-949E052B38BD}
		{473A44D3-583A-4A7B-83B9-D33EF2CEFB05} = {867B4466-1630-4509-99C1-949E052B38BD}
		{D1E5370E-3A74-44B4-8EC3-FE6A6A4FCBD8} = {867B4466-1630-4509-99C1-949E052B38BD}
		{8ECF05D6-9583-4DAE-8D00-1863BB2C917C} = {867B4466-1630-4509-99C1-949E052B38BD}
		{58AA4AB3-BE87-4F58-AE6F-0CDB57715E3B} = {867B4466-1630-4509-99C1-949E052B38BD}
		{18E212CE-71E3-450C-A798-3BF468F279A7} = {7FF4408E-3BBB-4FA0-9A0B-31A65E1E7F0F}
		{E471796D-BD19-47E9-BEC8-03AB49685A05} = {18E212CE-71E3-450C-A798-3BF468F279A7}
		{AB0614A8-F33F-482D-B265-9CEED09D93DF} = {18E212CE-71E3-450C-A798-3BF468F279A7}
		{58BB7C0D-71A1-4DF7-953E-5C05F0C7EA6E} = {18E212CE-71E3-450C-A798-3BF468F279A7}
		{BA3121DF-C468-421C-A108-45C98F9ACDF9} = {18E212CE-71E3-450C-A798-3BF468F279A7}
		{A4C04B66-C15F-472D-B111-35A528391043} = {18E212CE-71E3-450C-A798-3BF468F279A7}
	EndGlobalSection
	GlobalSection(ExtensibilityGlobals) = postSolution
		SolutionGuid = {A4D90971-5848-4BB2-88A9-E5543416BE26}
	EndGlobalSection
EndGlobal
